
Microsoft Visual Studio Solution File, Format Version 12.00
# Visual Studio 15
VisualStudioVersion = 15.0.27004.2002
MinimumVisualStudioVersion = 10.0.40219.1
Project("{FAE04EC0-301F-11D3-BF4B-00C04F79EFBC}") = "Latihan1", "Latihan1\Latihan1.csproj", "{1D4911E2-F393-45C4-A4F3-5BF416D68251}"
EndProject
Project("{FAE04EC0-301F-11D3-BF4B-00C04F79EFBC}") = "HelloWorld", "HelloWorld\HelloWorld.csproj", "{AA1F4C0C-5C47-49D1-9A23-30FD33509D87}"
EndProject
Project("{FAE04EC0-301F-11D3-BF4B-00C04F79EFBC}") = "StringLibrary", "StringLibrary\StringLibrary.csproj", "{F8E70E8A-E13B-4631-98A6-FC2BF3F51A41}"
EndProject
Project("{FAE04EC0-301F-11D3-BF4B-00C04F79EFBC}") = "StringLibraryTest", "StringLibraryTest\StringLibraryTest.csproj", "{53288451-EA0E-49C9-99ED-DC6BFA2ACBF7}"
EndProject
Global
	GlobalSection(SolutionConfigurationPlatforms) = preSolution
		Debug|Any CPU = Debug|Any CPU
		Release|Any CPU = Release|Any CPU
	EndGlobalSection
	GlobalSection(ProjectConfigurationPlatforms) = postSolution
		{1D4911E2-F393-45C4-A4F3-5BF416D68251}.Debug|Any CPU.ActiveCfg = Debug|Any CPU
		{1D4911E2-F393-45C4-A4F3-5BF416D68251}.Debug|Any CPU.Build.0 = Debug|Any CPU
		{1D4911E2-F393-45C4-A4F3-5BF416D68251}.Release|Any CPU.ActiveCfg = Release|Any CPU
		{1D4911E2-F393-45C4-A4F3-5BF416D68251}.Release|Any CPU.Build.0 = Release|Any CPU
		{AA1F4C0C-5C47-49D1-9A23-30FD33509D87}.Debug|Any CPU.ActiveCfg = Debug|Any CPU
		{AA1F4C0C-5C47-49D1-9A23-30FD33509D87}.Debug|Any CPU.Build.0 = Debug|Any CPU
		{AA1F4C0C-5C47-49D1-9A23-30FD33509D87}.Release|Any CPU.ActiveCfg = Release|Any CPU
		{AA1F4C0C-5C47-49D1-9A23-30FD33509D87}.Release|Any CPU.Build.0 = Release|Any CPU
		{F8E70E8A-E13B-4631-98A6-FC2BF3F51A41}.Debug|Any CPU.ActiveCfg = Debug|Any CPU
		{F8E70E8A-E13B-4631-98A6-FC2BF3F51A41}.Debug|Any CPU.Build.0 = Debug|Any CPU
		{F8E70E8A-E13B-4631-98A6-FC2BF3F51A41}.Release|Any CPU.ActiveCfg = Release|Any CPU
		{F8E70E8A-E13B-4631-98A6-FC2BF3F51A41}.Release|Any CPU.Build.0 = Release|Any CPU
		{53288451-EA0E-49C9-99ED-DC6BFA2ACBF7}.Debug|Any CPU.ActiveCfg = Debug|Any CPU
		{53288451-EA0E-49C9-99ED-DC6BFA2ACBF7}.Debug|Any CPU.Build.0 = Debug|Any CPU
		{53288451-EA0E-49C9-99ED-DC6BFA2ACBF7}.Release|Any CPU.ActiveCfg = Release|Any CPU
		{53288451-EA0E-49C9-99ED-DC6BFA2ACBF7}.Release|Any CPU.Build.0 = Release|Any CPU
	EndGlobalSection
	GlobalSection(SolutionProperties) = preSolution
		HideSolutionNode = FALSE
	EndGlobalSection
	GlobalSection(ExtensibilityGlobals) = postSolution
		SolutionGuid = {BDD7FC3B-A345-4AE8-A2F6-A6C02A12FFD4}
	EndGlobalSection
EndGlobal
